
Microsoft Visual Studio Solution File, Format Version 12.00
# Visual Studio Version 16
VisualStudioVersion = 16.0.29324.140
MinimumVisualStudioVersion = 10.0.40219.1
Project("{8BC9CEB8-8B4A-11D0-8D11-00A0C91BC942}") = "LC14", "LC14\LC14.vcxproj", "{893C078C-0A54-4C81-935B-10654922CA9C}"
EndProject
Global
	GlobalSection(SolutionConfigurationPlatforms) = preSolution
		Debug|x64 = Debug|x64
		Debug|x86 = Debug|x86
		Release|x64 = Release|x64
		Release|x86 = Release|x86
	EndGlobalSection
	GlobalSection(ProjectConfigurationPlatforms) = postSolution
		{893C078C-0A54-4C81-935B-10654922CA9C}.Debug|x64.ActiveCfg = Debug|x64
		{893C078C-0A54-4C81-935B-10654922CA9C}.Debug|x64.Build.0 = Debug|x64
		{893C078C-0A54-4C81-935B-10654922CA9C}.Debug|x86.ActiveCfg = Debug|Win32
		{893C078C-0A54-4C81-935B-10654922CA9C}.Debug|x86.Build.0 = Debug|Win32
		{893C078C-0A54-4C81-935B-10654922CA9C}.Release|x64.ActiveCfg = Release|x64
		{893C078C-0A54-4C81-935B-10654922CA9C}.Release|x64.Build.0 = Release|x64
		{893C078C-0A54-4C81-935B-10654922CA9C}.Release|x86.ActiveCfg = Release|Win32
		{893C078C-0A54-4C81-935B-10654922CA9C}.Release|x86.Build.0 = Release|Win32
	EndGlobalSection
	GlobalSection(SolutionProperties) = preSolution
		HideSolutionNode = FALSE
	EndGlobalSection
	GlobalSection(ExtensibilityGlobals) = postSolution
		SolutionGuid = {1AC1C043-4F44-4719-B59B-58A07BC41308}
	EndGlobalSection
EndGlobal
